
Microsoft Visual Studio Solution File, Format Version 12.00
# Visual Studio 15
VisualStudioVersion = 15.0.28307.852
MinimumVisualStudioVersion = 10.0.40219.1
Project("{FAE04EC0-301F-11D3-BF4B-00C04F79EFBC}") = "VSM_Final", "VSM_Final\VSM_Final.csproj", "{BA4A7F83-2347-459A-954C-C174D8E0F67F}"
EndProject
Global
	GlobalSection(SolutionConfigurationPlatforms) = preSolution
		Debug|Any CPU = Debug|Any CPU
		Release|Any CPU = Release|Any CPU
	EndGlobalSection
	GlobalSection(ProjectConfigurationPlatforms) = postSolution
		{BA4A7F83-2347-459A-954C-C174D8E0F67F}.Debug|Any CPU.ActiveCfg = Debug|Any CPU
		{BA4A7F83-2347-459A-954C-C174D8E0F67F}.Debug|Any CPU.Build.0 = Debug|Any CPU
		{BA4A7F83-2347-459A-954C-C174D8E0F67F}.Release|Any CPU.ActiveCfg = Release|Any CPU
		{BA4A7F83-2347-459A-954C-C174D8E0F67F}.Release|Any CPU.Build.0 = Release|Any CPU
	EndGlobalSection
	GlobalSection(SolutionProperties) = preSolution
		HideSolutionNode = FALSE
	EndGlobalSection
	GlobalSection(ExtensibilityGlobals) = postSolution
		SolutionGuid = {6415C2C2-34A5-4DA7-8155-F04917F4B168}
	EndGlobalSection
EndGlobal
